
Microsoft Visual Studio Solution File, Format Version 12.00
# Visual Studio 15
VisualStudioVersion = 15.0.28307.421
MinimumVisualStudioVersion = 10.0.40219.1
Project("{FAE04EC0-301F-11D3-BF4B-00C04F79EFBC}") = "TakeHome", "TakeHome\TakeHome.csproj", "{B9967F5D-18BC-4872-845D-2264F6979DF6}"
EndProject
Global
	GlobalSection(SolutionConfigurationPlatforms) = preSolution
		Debug|Any CPU = Debug|Any CPU
		Release|Any CPU = Release|Any CPU
	EndGlobalSection
	GlobalSection(ProjectConfigurationPlatforms) = postSolution
		{B9967F5D-18BC-4872-845D-2264F6979DF6}.Debug|Any CPU.ActiveCfg = Debug|Any CPU
		{B9967F5D-18BC-4872-845D-2264F6979DF6}.Debug|Any CPU.Build.0 = Debug|Any CPU
		{B9967F5D-18BC-4872-845D-2264F6979DF6}.Release|Any CPU.ActiveCfg = Release|Any CPU
		{B9967F5D-18BC-4872-845D-2264F6979DF6}.Release|Any CPU.Build.0 = Release|Any CPU
	EndGlobalSection
	GlobalSection(SolutionProperties) = preSolution
		HideSolutionNode = FALSE
	EndGlobalSection
	GlobalSection(ExtensibilityGlobals) = postSolution
		SolutionGuid = {2A54B390-8D9F-4A0B-8B73-73E96519FBE8}
	EndGlobalSection
EndGlobal
